<?xml version="1.0" encoding="utf-8"?>
<Project ToolsVersion="4.0" xmlns="http://schemas.microsoft.com/developer/msbuild/2003">
  <ItemGroup>
    <Filter Include="Source Files">
      <UniqueIdentifier>{4FC737F1-C7A5-4376-A066-2A32D752A2FF}</UniqueIdentifier>
      <Extensions>cpp;c;cc;cxx;def;odl;idl;hpj;bat;asm;asmx</Extensions>
    </Filter>
    <Filter Include="Header Files">
      <UniqueIdentifier>{93995380-89BD-4b04-88EB-625FBE52EBFB}</UniqueIdentifier>
      <Extensions>h;hpp;hxx;hm;inl;inc;xsd</Extensions>
    </Filter>
    <Filter Include="Resource Files">
      <UniqueIdentifier>{67DA6AB6-F800-4c08-8B7A-83BB121AAD01}</UniqueIdentifier>
      <Extensions>rc;ico;cur;bmp;dlg;rc2;rct;bin;rgs;gif;jpg;jpeg;jpe;resx;tiff;tif;png;wav;mfcribbon-ms</Extensions>
    </Filter>
    <Filter Include="Header Files\baldzarika">
      <UniqueIdentifier>{d20ea444-5b0b-4423-ad93-f181ebecf494}</UniqueIdentifier>
    </Filter>
    <Filter Include="Header Files\baldzarika\ucv">
      <UniqueIdentifier>{d57523f7-4f75-4ca7-91e1-1859329c6f30}</UniqueIdentifier>
    </Filter>
    <Filter Include="Source Files\baldzarika">
      <UniqueIdentifier>{763e6580-8e44-451d-9796-d8a742c3ff57}</UniqueIdentifier>
    </Filter>
    <Filter Include="Source Files\baldzarika\ucv">
      <UniqueIdentifier>{7bbbe471-cf03-4caa-997d-6338283c6a2f}</UniqueIdentifier>
    </Filter>
    <Filter Include="Header Files\baldzarika\ucv\gles">
      <UniqueIdentifier>{13aa3e26-8545-473f-b619-ad878b8f417a}</UniqueIdentifier>
    </Filter>
    <Filter Include="Source Files\baldzarika\ucv\gles">
      <UniqueIdentifier>{dac3081f-64d2-4e70-9a33-e9643a2ebe26}</UniqueIdentifier>
    </Filter>
  </ItemGroup>
  <ItemGroup>
    <None Include="ReadMe.txt" />
  </ItemGroup>
  <ItemGroup>
    <ClInclude Include="include\baldzarika\ucv\config.h">
      <Filter>Header Files\baldzarika\ucv</Filter>
    </ClInclude>
    <ClInclude Include="include\baldzarika\ucv\fixed_point.h">
      <Filter>Header Files\baldzarika\ucv</Filter>
    </ClInclude>
    <ClInclude Include="include\baldzarika\ucv\integral.h">
      <Filter>Header Files\baldzarika\ucv</Filter>
    </ClInclude>
    <ClInclude Include="include\baldzarika\ucv\point2.h">
      <Filter>Header Files\baldzarika\ucv</Filter>
    </ClInclude>
    <ClInclude Include="include\baldzarika\ucv\size2.h">
      <Filter>Header Files\baldzarika\ucv</Filter>
    </ClInclude>
    <ClInclude Include="include\baldzarika\ucv\gil_channel_traits.h">
      <Filter>Header Files\baldzarika\ucv</Filter>
    </ClInclude>
    <ClInclude Include="include\baldzarika\ucv\surf.h">
      <Filter>Header Files\baldzarika\ucv</Filter>
    </ClInclude>
    <ClInclude Include="include\baldzarika\ucv\feature_point.h">
      <Filter>Header Files\baldzarika\ucv</Filter>
    </ClInclude>
    <ClInclude Include="include\baldzarika\ucv\gles\fbo.h">
      <Filter>Header Files\baldzarika\ucv\gles</Filter>
    </ClInclude>
    <ClInclude Include="include\baldzarika\ucv\gles\hessian_detector.h">
      <Filter>Header Files\baldzarika\ucv\gles</Filter>
    </ClInclude>
    <ClInclude Include="include\baldzarika\ucv\gles\shaders.h">
      <Filter>Header Files\baldzarika\ucv\gles</Filter>
    </ClInclude>
    <ClInclude Include="include\baldzarika\ucv\gles\texture.h">
      <Filter>Header Files\baldzarika\ucv\gles</Filter>
    </ClInclude>
    <ClInclude Include="include\baldzarika\ucv\homography.h">
      <Filter>Header Files\baldzarika\ucv</Filter>
    </ClInclude>
    <ClInclude Include="include\baldzarika\ucv\match_feature_points.h">
      <Filter>Header Files\baldzarika\ucv</Filter>
    </ClInclude>
    <ClInclude Include="include\baldzarika\ucv\klt_tracker.h">
      <Filter>Header Files\baldzarika\ucv</Filter>
    </ClInclude>
    <ClInclude Include="include\baldzarika\ucv\good_features_detector.h">
      <Filter>Header Files\baldzarika\ucv</Filter>
    </ClInclude>
    <ClInclude Include="include\baldzarika\ucv\matrix.h">
      <Filter>Header Files\baldzarika\ucv</Filter>
    </ClInclude>
    <ClInclude Include="include\baldzarika\ucv\vector.h">
      <Filter>Header Files\baldzarika\ucv</Filter>
    </ClInclude>
    <ClInclude Include="include\baldzarika\ucv\norm.h">
      <Filter>Header Files\baldzarika\ucv</Filter>
    </ClInclude>
    <ClInclude Include="include\baldzarika\ucv\canny.h">
      <Filter>Header Files\baldzarika\ucv</Filter>
    </ClInclude>
    <ClInclude Include="include\baldzarika\ucv\sobel.h">
      <Filter>Header Files\baldzarika\ucv</Filter>
    </ClInclude>
    <ClInclude Include="include\baldzarika\ucv\gaussian_blur.h">
      <Filter>Header Files\baldzarika\ucv</Filter>
    </ClInclude>
    <ClInclude Include="include\baldzarika\ucv\adaptive_treshold.h">
      <Filter>Header Files\baldzarika\ucv</Filter>
    </ClInclude>
    <ClInclude Include="include\baldzarika\ucv\contour.h">
      <Filter>Header Files\baldzarika\ucv</Filter>
    </ClInclude>
    <ClInclude Include="include\baldzarika\ucv\approximate_polygon.h">
      <Filter>Header Files\baldzarika\ucv</Filter>
    </ClInclude>
    <ClInclude Include="include\baldzarika\ucv\box2.h">
      <Filter>Header Files\baldzarika\ucv</Filter>
    </ClInclude>
    <ClInclude Include="include\baldzarika\ucv\svd.h">
      <Filter>Header Files\baldzarika\ucv</Filter>
    </ClInclude>
    <ClInclude Include="include\baldzarika\ucv\solve.h">
      <Filter>Header Files\baldzarika\ucv</Filter>
    </ClInclude>
    <ClInclude Include="include\baldzarika\ucv\perspective_transform.h">
      <Filter>Header Files\baldzarika\ucv</Filter>
    </ClInclude>
    <ClInclude Include="include\baldzarika\ucv\warp.h">
      <Filter>Header Files\baldzarika\ucv</Filter>
    </ClInclude>
    <ClInclude Include="include\baldzarika\ucv\jacobi.h">
      <Filter>Header Files\baldzarika\ucv</Filter>
    </ClInclude>
    <ClInclude Include="include\baldzarika\ucv\utils.h">
      <Filter>Header Files\baldzarika\ucv</Filter>
    </ClInclude>
    <ClInclude Include="include\baldzarika\ucv\threshold.h">
      <Filter>Header Files\baldzarika\ucv</Filter>
    </ClInclude>
    <ClInclude Include="include\baldzarika\ucv\ranged_histogram.h">
      <Filter>Header Files\baldzarika</Filter>
    </ClInclude>
    <ClInclude Include="include\baldzarika\ucv\find_otsu_threshold.h">
      <Filter>Header Files\baldzarika\ucv</Filter>
    </ClInclude>
    <ClInclude Include="include\baldzarika\ucv\pixel_count.h">
      <Filter>Header Files\baldzarika\ucv</Filter>
    </ClInclude>
    <ClInclude Include="include\baldzarika\ucv\copy_pixels.h">
      <Filter>Header Files\baldzarika\ucv</Filter>
    </ClInclude>
    <ClInclude Include="include\baldzarika\ucv\ublas_fixed_point_type_traits.h">
      <Filter>Header Files\baldzarika\ucv</Filter>
    </ClInclude>
    <ClInclude Include="include\baldzarika\ucv\camera_pose.h">
      <Filter>Header Files\baldzarika\ucv</Filter>
    </ClInclude>
    <ClInclude Include="include\baldzarika\ucv\corners_subpixel.h">
      <Filter>Header Files\baldzarika\ucv</Filter>
    </ClInclude>
    <ClInclude Include="include\baldzarika\ucv\resize.h">
      <Filter>Header Files\baldzarika\ucv</Filter>
    </ClInclude>
    <ClInclude Include="include\baldzarika\ucv\convert_scale.h">
      <Filter>Header Files\baldzarika\ucv</Filter>
    </ClInclude>
  </ItemGroup>
  <ItemGroup>
    <ClCompile Include="src\baldzarika\ucv\config.cpp">
      <Filter>Source Files\baldzarika\ucv</Filter>
    </ClCompile>
    <ClCompile Include="src\baldzarika\ucv\surf.cpp">
      <Filter>Source Files\baldzarika\ucv</Filter>
    </ClCompile>
    <ClCompile Include="src\baldzarika\ucv\gles\fbo.cpp">
      <Filter>Source Files\baldzarika\ucv\gles</Filter>
    </ClCompile>
    <ClCompile Include="src\baldzarika\ucv\gles\hessian_detector.cpp">
      <Filter>Source Files\baldzarika\ucv\gles</Filter>
    </ClCompile>
    <ClCompile Include="src\baldzarika\ucv\gles\shaders.cpp">
      <Filter>Source Files\baldzarika\ucv\gles</Filter>
    </ClCompile>
    <ClCompile Include="src\baldzarika\ucv\gles\texture.cpp">
      <Filter>Source Files\baldzarika\ucv\gles</Filter>
    </ClCompile>
    <ClCompile Include="src\baldzarika\ucv\homography.cpp">
      <Filter>Source Files\baldzarika\ucv</Filter>
    </ClCompile>
  </ItemGroup>
</Project>