
Microsoft Visual Studio Solution File, Format Version 11.00
# Visual Studio 2010
Project("{8BC9CEB8-8B4A-11D0-8D11-00A0C91BC942}") = "lib_ucv", "lib_ucv\lib_ucv.vcxproj", "{D60FD689-2C93-486B-9705-C6BA83BB29FE}"
EndProject
Project("{8BC9CEB8-8B4A-11D0-8D11-00A0C91BC942}") = "lib_ucv_test", "lib_ucv_test\lib_ucv_test.vcxproj", "{B1190B83-0454-484D-B6B6-FB950BD97C57}"
	ProjectSection(ProjectDependencies) = postProject
		{D60FD689-2C93-486B-9705-C6BA83BB29FE} = {D60FD689-2C93-486B-9705-C6BA83BB29FE}
	EndProjectSection
EndProject
Project("{8BC9CEB8-8B4A-11D0-8D11-00A0C91BC942}") = "lib_ar", "lib_ar\lib_ar.vcxproj", "{8A45D43B-AF68-4D7B-9516-9AFC823FCE17}"
	ProjectSection(ProjectDependencies) = postProject
		{D60FD689-2C93-486B-9705-C6BA83BB29FE} = {D60FD689-2C93-486B-9705-C6BA83BB29FE}
	EndProjectSection
EndProject
Project("{8BC9CEB8-8B4A-11D0-8D11-00A0C91BC942}") = "lib_ar_test", "lib_ar_test\lib_ar_test.vcxproj", "{E752FC29-C42F-40E6-961D-99A1FFED318A}"
	ProjectSection(ProjectDependencies) = postProject
		{8A45D43B-AF68-4D7B-9516-9AFC823FCE17} = {8A45D43B-AF68-4D7B-9516-9AFC823FCE17}
	EndProjectSection
EndProject
Project("{8BC9CEB8-8B4A-11D0-8D11-00A0C91BC942}") = "lib_ar_gui_test", "lib_ar_gui_test\lib_ar_gui_test.vcxproj", "{6E078D05-D2C5-4E06-BA81-35727310E31C}"
	ProjectSection(ProjectDependencies) = postProject
		{8A45D43B-AF68-4D7B-9516-9AFC823FCE17} = {8A45D43B-AF68-4D7B-9516-9AFC823FCE17}
		{D60FD689-2C93-486B-9705-C6BA83BB29FE} = {D60FD689-2C93-486B-9705-C6BA83BB29FE}
	EndProjectSection
EndProject
Global
	GlobalSection(SubversionScc) = preSolution
		Svn-Managed = True
		Manager = AnkhSVN - Subversion Support for Visual Studio
	EndGlobalSection
	GlobalSection(SolutionConfigurationPlatforms) = preSolution
		CD_ROM|Win32 = CD_ROM|Win32
		Debug|Win32 = Debug|Win32
		DVD-5|Win32 = DVD-5|Win32
		Release|Win32 = Release|Win32
		SingleImage|Win32 = SingleImage|Win32
	EndGlobalSection
	GlobalSection(ProjectConfigurationPlatforms) = postSolution
		{D60FD689-2C93-486B-9705-C6BA83BB29FE}.CD_ROM|Win32.ActiveCfg = Release|Win32
		{D60FD689-2C93-486B-9705-C6BA83BB29FE}.CD_ROM|Win32.Build.0 = Release|Win32
		{D60FD689-2C93-486B-9705-C6BA83BB29FE}.Debug|Win32.ActiveCfg = Debug|Win32
		{D60FD689-2C93-486B-9705-C6BA83BB29FE}.Debug|Win32.Build.0 = Debug|Win32
		{D60FD689-2C93-486B-9705-C6BA83BB29FE}.DVD-5|Win32.ActiveCfg = Debug|Win32
		{D60FD689-2C93-486B-9705-C6BA83BB29FE}.DVD-5|Win32.Build.0 = Debug|Win32
		{D60FD689-2C93-486B-9705-C6BA83BB29FE}.Release|Win32.ActiveCfg = Release|Win32
		{D60FD689-2C93-486B-9705-C6BA83BB29FE}.Release|Win32.Build.0 = Release|Win32
		{D60FD689-2C93-486B-9705-C6BA83BB29FE}.SingleImage|Win32.ActiveCfg = Release|Win32
		{D60FD689-2C93-486B-9705-C6BA83BB29FE}.SingleImage|Win32.Build.0 = Release|Win32
		{B1190B83-0454-484D-B6B6-FB950BD97C57}.CD_ROM|Win32.ActiveCfg = Release|Win32
		{B1190B83-0454-484D-B6B6-FB950BD97C57}.CD_ROM|Win32.Build.0 = Release|Win32
		{B1190B83-0454-484D-B6B6-FB950BD97C57}.Debug|Win32.ActiveCfg = Debug|Win32
		{B1190B83-0454-484D-B6B6-FB950BD97C57}.Debug|Win32.Build.0 = Debug|Win32
		{B1190B83-0454-484D-B6B6-FB950BD97C57}.DVD-5|Win32.ActiveCfg = Debug|Win32
		{B1190B83-0454-484D-B6B6-FB950BD97C57}.DVD-5|Win32.Build.0 = Debug|Win32
		{B1190B83-0454-484D-B6B6-FB950BD97C57}.Release|Win32.ActiveCfg = Release|Win32
		{B1190B83-0454-484D-B6B6-FB950BD97C57}.Release|Win32.Build.0 = Release|Win32
		{B1190B83-0454-484D-B6B6-FB950BD97C57}.SingleImage|Win32.ActiveCfg = Release|Win32
		{B1190B83-0454-484D-B6B6-FB950BD97C57}.SingleImage|Win32.Build.0 = Release|Win32
		{8A45D43B-AF68-4D7B-9516-9AFC823FCE17}.CD_ROM|Win32.ActiveCfg = Release|Win32
		{8A45D43B-AF68-4D7B-9516-9AFC823FCE17}.CD_ROM|Win32.Build.0 = Release|Win32
		{8A45D43B-AF68-4D7B-9516-9AFC823FCE17}.Debug|Win32.ActiveCfg = Debug|Win32
		{8A45D43B-AF68-4D7B-9516-9AFC823FCE17}.Debug|Win32.Build.0 = Debug|Win32
		{8A45D43B-AF68-4D7B-9516-9AFC823FCE17}.DVD-5|Win32.ActiveCfg = Debug|Win32
		{8A45D43B-AF68-4D7B-9516-9AFC823FCE17}.DVD-5|Win32.Build.0 = Debug|Win32
		{8A45D43B-AF68-4D7B-9516-9AFC823FCE17}.Release|Win32.ActiveCfg = Release|Win32
		{8A45D43B-AF68-4D7B-9516-9AFC823FCE17}.Release|Win32.Build.0 = Release|Win32
		{8A45D43B-AF68-4D7B-9516-9AFC823FCE17}.SingleImage|Win32.ActiveCfg = Release|Win32
		{8A45D43B-AF68-4D7B-9516-9AFC823FCE17}.SingleImage|Win32.Build.0 = Release|Win32
		{E752FC29-C42F-40E6-961D-99A1FFED318A}.CD_ROM|Win32.ActiveCfg = Release|Win32
		{E752FC29-C42F-40E6-961D-99A1FFED318A}.CD_ROM|Win32.Build.0 = Release|Win32
		{E752FC29-C42F-40E6-961D-99A1FFED318A}.Debug|Win32.ActiveCfg = Debug|Win32
		{E752FC29-C42F-40E6-961D-99A1FFED318A}.Debug|Win32.Build.0 = Debug|Win32
		{E752FC29-C42F-40E6-961D-99A1FFED318A}.DVD-5|Win32.ActiveCfg = Debug|Win32
		{E752FC29-C42F-40E6-961D-99A1FFED318A}.DVD-5|Win32.Build.0 = Debug|Win32
		{E752FC29-C42F-40E6-961D-99A1FFED318A}.Release|Win32.ActiveCfg = Release|Win32
		{E752FC29-C42F-40E6-961D-99A1FFED318A}.Release|Win32.Build.0 = Release|Win32
		{E752FC29-C42F-40E6-961D-99A1FFED318A}.SingleImage|Win32.ActiveCfg = Release|Win32
		{E752FC29-C42F-40E6-961D-99A1FFED318A}.SingleImage|Win32.Build.0 = Release|Win32
		{6E078D05-D2C5-4E06-BA81-35727310E31C}.CD_ROM|Win32.ActiveCfg = Release|Win32
		{6E078D05-D2C5-4E06-BA81-35727310E31C}.CD_ROM|Win32.Build.0 = Release|Win32
		{6E078D05-D2C5-4E06-BA81-35727310E31C}.Debug|Win32.ActiveCfg = Debug|Win32
		{6E078D05-D2C5-4E06-BA81-35727310E31C}.Debug|Win32.Build.0 = Debug|Win32
		{6E078D05-D2C5-4E06-BA81-35727310E31C}.DVD-5|Win32.ActiveCfg = Debug|Win32
		{6E078D05-D2C5-4E06-BA81-35727310E31C}.DVD-5|Win32.Build.0 = Debug|Win32
		{6E078D05-D2C5-4E06-BA81-35727310E31C}.Release|Win32.ActiveCfg = Release|Win32
		{6E078D05-D2C5-4E06-BA81-35727310E31C}.Release|Win32.Build.0 = Release|Win32
		{6E078D05-D2C5-4E06-BA81-35727310E31C}.SingleImage|Win32.ActiveCfg = Release|Win32
		{6E078D05-D2C5-4E06-BA81-35727310E31C}.SingleImage|Win32.Build.0 = Release|Win32
	EndGlobalSection
	GlobalSection(SolutionProperties) = preSolution
		HideSolutionNode = FALSE
	EndGlobalSection
EndGlobal
