<?xml version="1.0" encoding="utf-8"?>
<Project ToolsVersion="4.0" xmlns="http://schemas.microsoft.com/developer/msbuild/2003">
  <ItemGroup>
    <Filter Include="Source Files">
      <UniqueIdentifier>{4FC737F1-C7A5-4376-A066-2A32D752A2FF}</UniqueIdentifier>
      <Extensions>cpp;c;cc;cxx;def;odl;idl;hpj;bat;asm;asmx</Extensions>
    </Filter>
    <Filter Include="Header Files">
      <UniqueIdentifier>{93995380-89BD-4b04-88EB-625FBE52EBFB}</UniqueIdentifier>
      <Extensions>h;hpp;hxx;hm;inl;inc;xsd</Extensions>
    </Filter>
    <Filter Include="Resource Files">
      <UniqueIdentifier>{67DA6AB6-F800-4c08-8B7A-83BB121AAD01}</UniqueIdentifier>
      <Extensions>rc;ico;cur;bmp;dlg;rc2;rct;bin;rgs;gif;jpg;jpeg;jpe;resx;tiff;tif;png;wav;mfcribbon-ms</Extensions>
    </Filter>
    <Filter Include="Header Files\baldzarika">
      <UniqueIdentifier>{a27444f2-ec55-4c46-9027-22b464c65cd8}</UniqueIdentifier>
    </Filter>
    <Filter Include="Header Files\baldzarika\math">
      <UniqueIdentifier>{ef719e08-574a-44f9-944d-93f8cc25f968}</UniqueIdentifier>
    </Filter>
    <Filter Include="Source Files\baldzarika">
      <UniqueIdentifier>{11d6092e-c4d9-4f97-a87f-233731a66291}</UniqueIdentifier>
    </Filter>
    <Filter Include="Source Files\baldzarika\math">
      <UniqueIdentifier>{334c35ff-d870-410d-95ed-dbb605fcbded}</UniqueIdentifier>
    </Filter>
    <Filter Include="Header Files\baldzarika\math\ec">
      <UniqueIdentifier>{fa199e40-200c-4e63-8e2d-767d3618e386}</UniqueIdentifier>
    </Filter>
    <Filter Include="Header Files\baldzarika\math\ec\galois">
      <UniqueIdentifier>{e6f8a677-12f2-4bd8-8d7d-c5c79f302593}</UniqueIdentifier>
    </Filter>
    <Filter Include="Header Files\baldzarika\math\ec\reed_solomon">
      <UniqueIdentifier>{94d0e832-dc53-4ba8-8d46-c0811b9eeb9c}</UniqueIdentifier>
    </Filter>
  </ItemGroup>
  <ItemGroup>
    <None Include="ReadMe.txt" />
  </ItemGroup>
  <ItemGroup>
    <ClInclude Include="include\baldzarika\math\config.h">
      <Filter>Header Files\baldzarika\math</Filter>
    </ClInclude>
    <ClInclude Include="include\baldzarika\math\fixed_point.h">
      <Filter>Header Files\baldzarika\math</Filter>
    </ClInclude>
    <ClInclude Include="include\baldzarika\math\constant.h">
      <Filter>Header Files\baldzarika\math</Filter>
    </ClInclude>
    <ClInclude Include="include\baldzarika\math\matrix.h">
      <Filter>Header Files\baldzarika\math</Filter>
    </ClInclude>
    <ClInclude Include="include\baldzarika\math\matrix_ops.h">
      <Filter>Header Files\baldzarika\math</Filter>
    </ClInclude>
    <ClInclude Include="include\baldzarika\math\vector.h">
      <Filter>Header Files\baldzarika\math</Filter>
    </ClInclude>
    <ClInclude Include="include\baldzarika\math\vector_ops.h">
      <Filter>Header Files\baldzarika\math</Filter>
    </ClInclude>
    <ClInclude Include="include\baldzarika\math\point2.h">
      <Filter>Header Files\baldzarika\math</Filter>
    </ClInclude>
    <ClInclude Include="include\baldzarika\math\size2.h">
      <Filter>Header Files\baldzarika\math</Filter>
    </ClInclude>
    <ClInclude Include="include\baldzarika\math\box2.h">
      <Filter>Header Files\baldzarika\math</Filter>
    </ClInclude>
    <ClInclude Include="include\baldzarika\math\jacobi.h">
      <Filter>Header Files\baldzarika\math</Filter>
    </ClInclude>
    <ClInclude Include="include\baldzarika\math\solve.h">
      <Filter>Header Files\baldzarika\math</Filter>
    </ClInclude>
    <ClInclude Include="include\baldzarika\math\svd.h">
      <Filter>Header Files\baldzarika\math</Filter>
    </ClInclude>
    <ClInclude Include="include\baldzarika\math\utils.h">
      <Filter>Header Files\baldzarika\math</Filter>
    </ClInclude>
    <ClInclude Include="include\baldzarika\math\ec\galois\field.h">
      <Filter>Header Files\baldzarika\math\ec\galois</Filter>
    </ClInclude>
  </ItemGroup>
  <ItemGroup>
    <ClCompile Include="src\baldzarika\math\config.cpp">
      <Filter>Source Files\baldzarika\math</Filter>
    </ClCompile>
  </ItemGroup>
</Project>